// !$*UTF8*$!
{
	archiveVersion = 1;
	classes = {
	};
	objectVersion = 56;
	objects = {

/* Begin PBXBuildFile section */
		521A611C2A6EB3E600C80DC3 /* EdipleKingApp.swift in Sources */ = {isa = PBXBuildFile; fileRef = 521A611B2A6EB3E600C80DC3 /* EdipleKingApp.swift */; };
		521A611E2A6EB3E600C80DC3 /* ContentView.swift in Sources */ = {isa = PBXBuildFile; fileRef = 521A611D2A6EB3E600C80DC3 /* ContentView.swift */; };
		521A61202A6EB3E700C80DC3 /* Assets.xcassets in Resources */ = {isa = PBXBuildFile; fileRef = 521A611F2A6EB3E700C80DC3 /* Assets.xcassets */; };
		521A61232A6EB3E700C80DC3 /* Preview Assets.xcassets in Resources */ = {isa = PBXBuildFile; fileRef = 521A61222A6EB3E700C80DC3 /* Preview Assets.xcassets */; };
		521A612D2A6EB3E700C80DC3 /* EdipleKingTests.swift in Sources */ = {isa = PBXBuildFile; fileRef = 521A612C2A6EB3E700C80DC3 /* EdipleKingTests.swift */; };
		521A61372A6EB3E700C80DC3 /* EdipleKingUITests.swift in Sources */ = {isa = PBXBuildFile; fileRef = 521A61362A6EB3E700C80DC3 /* EdipleKingUITests.swift */; };
		521A61392A6EB3E700C80DC3 /* EdipleKingUITestsLaunchTests.swift in Sources */ = {isa = PBXBuildFile; fileRef = 521A61382A6EB3E700C80DC3 /* EdipleKingUITestsLaunchTests.swift */; };
/* End PBXBuildFile section */

/* Begin PBXContainerItemProxy section */
		521A61292A6EB3E700C80DC3 /* PBXContainerItemProxy */ = {
			isa = PBXContainerItemProxy;
			containerPortal = 521A61102A6EB3E600C80DC3 /* Project object */;
			proxyType = 1;
			remoteGlobalIDString = 521A61172A6EB3E600C80DC3;
			remoteInfo = EdipleKing;
		};
		521A61332A6EB3E700C80DC3 /* PBXContainerItemProxy */ = {
			isa = PBXContainerItemProxy;
			containerPortal = 521A61102A6EB3E600C80DC3 /* Project object */;
			proxyType = 1;
			remoteGlobalIDString = 521A61172A6EB3E600C80DC3;
			remoteInfo = EdipleKing;
		};
/* End PBXContainerItemProxy section */

/* Begin PBXFileReference section */
		521A61182A6EB3E600C80DC3 /* EdipleKing.app */ = {isa = PBXFileReference; explicitFileType = wrapper.application; includeInIndex = 0; path = EdipleKing.app; sourceTree = BUILT_PRODUCTS_DIR; };
		521A611B2A6EB3E600C80DC3 /* EdipleKingApp.swift */ = {isa = PBXFileReference; lastKnownFileType = sourcecode.swift; path = EdipleKingApp.swift; sourceTree = "<group>"; };
		521A611D2A6EB3E600C80DC3 /* ContentView.swift */ = {isa = PBXFileReference; lastKnownFileType = sourcecode.swift; path = ContentView.swift; sourceTree = "<group>"; };
		521A611F2A6EB3E700C80DC3 /* Assets.xcassets */ = {isa = PBXFileReference; lastKnownFileType = folder.assetcatalog; path = Assets.xcassets; sourceTree = "<group>"; };
		521A61222A6EB3E700C80DC3 /* Preview Assets.xcassets */ = {isa = PBXFileReference; lastKnownFileType = folder.assetcatalog; path = "Preview Assets.xcassets"; sourceTree = "<group>"; };
		521A61282A6EB3E700C80DC3 /* EdipleKingTests.xctest */ = {isa = PBXFileReference; explicitFileType = wrapper.cfbundle; includeInIndex = 0; path = EdipleKingTests.xctest; sourceTree = BUILT_PRODUCTS_DIR; };
		521A612C2A6EB3E700C80DC3 /* EdipleKingTests.swift */ = {isa = PBXFileReference; lastKnownFileType = sourcecode.swift; path = EdipleKingTests.swift; sourceTree = "<group>"; };
		521A61322A6EB3E700C80DC3 /* EdipleKingUITests.xctest */ = {isa = PBXFileReference; explicitFileType = wrapper.cfbundle; includeInIndex = 0; path = EdipleKingUITests.xctest; sourceTree = BUILT_PRODUCTS_DIR; };
		521A61362A6EB3E700C80DC3 /* EdipleKingUITests.swift */ = {isa = PBXFileReference; lastKnownFileType = sourcecode.swift; path = EdipleKingUITests.swift; sourceTree = "<group>"; };
		521A61382A6EB3E700C80DC3 /* EdipleKingUITestsLaunchTests.swift */ = {isa = PBXFileReference; lastKnownFileType = sourcecode.swift; path = EdipleKingUITestsLaunchTests.swift; sourceTree = "<group>"; };
/* End PBXFileReference section */

/* Begin PBXFrameworksBuildPhase section */
		521A61152A6EB3E600C80DC3 /* Frameworks */ = {
			isa = PBXFrameworksBuildPhase;
			buildActionMask = 2147483647;
			files = (
			);
			runOnlyForDeploymentPostprocessing = 0;
		};
		521A61252A6EB3E700C80DC3 /* Frameworks */ = {
			isa = PBXFrameworksBuildPhase;
			buildActionMask = 2147483647;
			files = (
			);
			runOnlyForDeploymentPostprocessing = 0;
		};
		521A612F2A6EB3E700C80DC3 /* Frameworks */ = {
			isa = PBXFrameworksBuildPhase;
			buildActionMask = 2147483647;
			files = (
			);
			runOnlyForDeploymentPostprocessing = 0;
		};
/* End PBXFrameworksBuildPhase section */

/* Begin PBXGroup section */
		521A610F2A6EB3E600C80DC3 = {
			isa = PBXGroup;
			children = (
				521A611A2A6EB3E600C80DC3 /* EdipleKing */,
				521A612B2A6EB3E700C80DC3 /* EdipleKingTests */,
				521A61352A6EB3E700C80DC3 /* EdipleKingUITests */,
				521A61192A6EB3E600C80DC3 /* Products */,
			);
			sourceTree = "<group>";
		};
		521A61192A6EB3E600C80DC3 /* Products */ = {
			isa = PBXGroup;
			children = (
				521A61182A6EB3E600C80DC3 /* EdipleKing.app */,
				521A61282A6EB3E700C80DC3 /* EdipleKingTests.xctest */,
				521A61322A6EB3E700C80DC3 /* EdipleKingUITests.xctest */,
			);
			name = Products;
			sourceTree = "<group>";
		};
		521A611A2A6EB3E600C80DC3 /* EdipleKing */ = {
			isa = PBXGroup;
			children = (
				521A611B2A6EB3E600C80DC3 /* EdipleKingApp.swift */,
				521A611D2A6EB3E600C80DC3 /* ContentView.swift */,
				521A611F2A6EB3E700C80DC3 /* Assets.xcassets */,
				521A61212A6EB3E700C80DC3 /* Preview Content */,
			);
			path = EdipleKing;
			sourceTree = "<group>";
		};
		521A61212A6EB3E700C80DC3 /* Preview Content */ = {
			isa = PBXGroup;
			children = (
				521A61222A6EB3E700C80DC3 /* Preview Assets.xcassets */,
			);
			path = "Preview Content";
			sourceTree = "<group>";
		};
		521A612B2A6EB3E700C80DC3 /* EdipleKingTests */ = {
			isa = PBXGroup;
			children = (
				521A612C2A6EB3E700C80DC3 /* EdipleKingTests.swift */,
			);
			path = EdipleKingTests;
			sourceTree = "<group>";
		};
		521A61352A6EB3E700C80DC3 /* EdipleKingUITests */ = {
			isa = PBXGroup;
			children = (
				521A61362A6EB3E700C80DC3 /* EdipleKingUITests.swift */,
				521A61382A6EB3E700C80DC3 /* EdipleKingUITestsLaunchTests.swift */,
			);
			path = EdipleKingUITests;
			sourceTree = "<group>";
		};
/* End PBXGroup section */

/* Begin PBXNativeTarget section */
		521A61172A6EB3E600C80DC3 /* EdipleKing */ = {
			isa = PBXNativeTarget;
			buildConfigurationList = 521A613C2A6EB3E700C80DC3 /* Build configuration list for PBXNativeTarget "EdipleKing" */;
			buildPhases = (
				521A61142A6EB3E600C80DC3 /* Sources */,
				521A61152A6EB3E600C80DC3 /* Frameworks */,
				521A61162A6EB3E600C80DC3 /* Resources */,
			);
			buildRules = (
			);
			dependencies = (
			);
			name = EdipleKing;
			productName = EdipleKing;
			productReference = 521A61182A6EB3E600C80DC3 /* EdipleKing.app */;
			productType = "com.apple.product-type.application";
		};
		521A61272A6EB3E700C80DC3 /* EdipleKingTests */ = {
			isa = PBXNativeTarget;
			buildConfigurationList = 521A613F2A6EB3E700C80DC3 /* Build configuration list for PBXNativeTarget "EdipleKingTests" */;
			buildPhases = (
				521A61242A6EB3E700C80DC3 /* Sources */,
				521A61252A6EB3E700C80DC3 /* Frameworks */,
				521A61262A6EB3E700C80DC3 /* Resources */,
			);
			buildRules = (
			);
			dependencies = (
				521A612A2A6EB3E700C80DC3 /* PBXTargetDependency */,
			);
			name = EdipleKingTests;
			productName = EdipleKingTests;
			productReference = 521A61282A6EB3E700C80DC3 /* EdipleKingTests.xctest */;
			productType = "com.apple.product-type.bundle.unit-test";
		};
		521A61312A6EB3E700C80DC3 /* EdipleKingUITests */ = {
			isa = PBXNativeTarget;
			buildConfigurationList = 521A61422A6EB3E700C80DC3 /* Build configuration list for PBXNativeTarget "EdipleKingUITests" */;
			buildPhases = (
				521A612E2A6EB3E700C80DC3 /* Sources */,
				521A612F2A6EB3E700C80DC3 /* Frameworks */,
				521A61302A6EB3E700C80DC3 /* Resources */,
			);
			buildRules = (
			);
			dependencies = (
				521A61342A6EB3E700C80DC3 /* PBXTargetDependency */,
			);
			name = EdipleKingUITests;
			productName = EdipleKingUITests;
			productReference = 521A61322A6EB3E700C80DC3 /* EdipleKingUITests.xctest */;
			productType = "com.apple.product-type.bundle.ui-testing";
		};
/* End PBXNativeTarget section */

/* Begin PBXProject section */
		521A61102A6EB3E600C80DC3 /* Project object */ = {
			isa = PBXProject;
			attributes = {
				BuildIndependentTargetsInParallel = 1;
				LastSwiftUpdateCheck = 1430;
				LastUpgradeCheck = 1430;
				TargetAttributes = {
					521A61172A6EB3E600C80DC3 = {
						CreatedOnToolsVersion = 14.3;
					};
					521A61272A6EB3E700C80DC3 = {
						CreatedOnToolsVersion = 14.3;
						TestTargetID = 521A61172A6EB3E600C80DC3;
					};
					521A61312A6EB3E700C80DC3 = {
						CreatedOnToolsVersion = 14.3;
						TestTargetID = 521A61172A6EB3E600C80DC3;
					};
				};
			};
			buildConfigurationList = 521A61132A6EB3E600C80DC3 /* Build configuration list for PBXProject "EdipleKing" */;
			compatibilityVersion = "Xcode 14.0";
			developmentRegion = en;
			hasScannedForEncodings = 0;
			knownRegions = (
				en,
				Base,
			);
			mainGroup = 521A610F2A6EB3E600C80DC3;
			productRefGroup = 521A61192A6EB3E600C80DC3 /* Products */;
			projectDirPath = "";
			projectRoot = "";
			targets = (
				521A61172A6EB3E600C80DC3 /* EdipleKing */,
				521A61272A6EB3E700C80DC3 /* EdipleKingTests */,
				521A61312A6EB3E700C80DC3 /* EdipleKingUITests */,
			);
		};
/* End PBXProject section */

/* Begin PBXResourcesBuildPhase section */
		521A61162A6EB3E600C80DC3 /* Resources */ = {
			isa = PBXResourcesBuildPhase;
			buildActionMask = 2147483647;
			files = (
				521A61232A6EB3E700C80DC3 /* Preview Assets.xcassets in Resources */,
				521A61202A6EB3E700C80DC3 /* Assets.xcassets in Resources */,
			);
			runOnlyForDeploymentPostprocessing = 0;
		};
		521A61262A6EB3E700C80DC3 /* Resources */ = {
			isa = PBXResourcesBuildPhase;
			buildActionMask = 2147483647;
			files = (
			);
			runOnlyForDeploymentPostprocessing = 0;
		};
		521A61302A6EB3E700C80DC3 /* Resources */ = {
			isa = PBXResourcesBuildPhase;
			buildActionMask = 2147483647;
			files = (
			);
			runOnlyForDeploymentPostprocessing = 0;
		};
/* End PBXResourcesBuildPhase section */

/* Begin PBXSourcesBuildPhase section */
		521A61142A6EB3E600C80DC3 /* Sources */ = {
			isa = PBXSourcesBuildPhase;
			buildActionMask = 2147483647;
			files = (
				521A611E2A6EB3E600C80DC3 /* ContentView.swift in Sources */,
				521A611C2A6EB3E600C80DC3 /* EdipleKingApp.swift in Sources */,
			);
			runOnlyForDeploymentPostprocessing = 0;
		};
		521A61242A6EB3E700C80DC3 /* Sources */ = {
			isa = PBXSourcesBuildPhase;
			buildActionMask = 2147483647;
			files = (
				521A612D2A6EB3E700C80DC3 /* EdipleKingTests.swift in Sources */,
			);
			runOnlyForDeploymentPostprocessing = 0;
		};
		521A612E2A6EB3E700C80DC3 /* Sources */ = {
			isa = PBXSourcesBuildPhase;
			buildActionMask = 2147483647;
			files = (
				521A61392A6EB3E700C80DC3 /* EdipleKingUITestsLaunchTests.swift in Sources */,
				521A61372A6EB3E700C80DC3 /* EdipleKingUITests.swift in Sources */,
			);
			runOnlyForDeploymentPostprocessing = 0;
		};
/* End PBXSourcesBuildPhase section */

/* Begin PBXTargetDependency section */
		521A612A2A6EB3E700C80DC3 /* PBXTargetDependency */ = {
			isa = PBXTargetDependency;
			target = 521A61172A6EB3E600C80DC3 /* EdipleKing */;
			targetProxy = 521A61292A6EB3E700C80DC3 /* PBXContainerItemProxy */;
		};
		521A61342A6EB3E700C80DC3 /* PBXTargetDependency */ = {
			isa = PBXTargetDependency;
			target = 521A61172A6EB3E600C80DC3 /* EdipleKing */;
			targetProxy = 521A61332A6EB3E700C80DC3 /* PBXContainerItemProxy */;
		};
/* End PBXTargetDependency section */

/* Begin XCBuildConfiguration section */
		521A613A2A6EB3E700C80DC3 /* Debug */ = {
			isa = XCBuildConfiguration;
			buildSettings = {
				ALWAYS_SEARCH_USER_PATHS = NO;
				CLANG_ANALYZER_NONNULL = YES;
				CLANG_ANALYZER_NUMBER_OBJECT_CONVERSION = YES_AGGRESSIVE;
				CLANG_CXX_LANGUAGE_STANDARD = "gnu++20";
				CLANG_ENABLE_MODULES = YES;
				CLANG_ENABLE_OBJC_ARC = YES;
				CLANG_ENABLE_OBJC_WEAK = YES;
				CLANG_WARN_BLOCK_CAPTURE_AUTORELEASING = YES;
				CLANG_WARN_BOOL_CONVERSION = YES;
				CLANG_WARN_COMMA = YES;
				CLANG_WARN_CONSTANT_CONVERSION = YES;
				CLANG_WARN_DEPRECATED_OBJC_IMPLEMENTATIONS = YES;
				CLANG_WARN_DIRECT_OBJC_ISA_USAGE = YES_ERROR;
				CLANG_WARN_DOCUMENTATION_COMMENTS = YES;
				CLANG_WARN_EMPTY_BODY = YES;
				CLANG_WARN_ENUM_CONVERSION = YES;
				CLANG_WARN_INFINITE_RECURSION = YES;
				CLANG_WARN_INT_CONVERSION = YES;
				CLANG_WARN_NON_LITERAL_NULL_CONVERSION = YES;
				CLANG_WARN_OBJC_IMPLICIT_RETAIN_SELF = YES;
				CLANG_WARN_OBJC_LITERAL_CONVERSION = YES;
				CLANG_WARN_OBJC_ROOT_CLASS = YES_ERROR;
				CLANG_WARN_QUOTED_INCLUDE_IN_FRAMEWORK_HEADER = YES;
				CLANG_WARN_RANGE_LOOP_ANALYSIS = YES;
				CLANG_WARN_STRICT_PROTOTYPES = YES;
				CLANG_WARN_SUSPICIOUS_MOVE = YES;
				CLANG_WARN_UNGUARDED_AVAILABILITY = YES_AGGRESSIVE;
				CLANG_WARN_UNREACHABLE_CODE = YES;
				CLANG_WARN__DUPLICATE_METHOD_MATCH = YES;
				COPY_PHASE_STRIP = NO;
				DEBUG_INFORMATION_FORMAT = dwarf;
				ENABLE_STRICT_OBJC_MSGSEND = YES;
				ENABLE_TESTABILITY = YES;
				GCC_C_LANGUAGE_STANDARD = gnu11;
				GCC_DYNAMIC_NO_PIC = NO;
				GCC_NO_COMMON_BLOCKS = YES;
				GCC_OPTIMIZATION_LEVEL = 0;
				GCC_PREPROCESSOR_DEFINITIONS = (
					"DEBUG=1",
					"$(inherited)",
				);
				GCC_WARN_64_TO_32_BIT_CONVERSION = YES;
				GCC_WARN_ABOUT_RETURN_TYPE = YES_ERROR;
				GCC_WARN_UNDECLARED_SELECTOR = YES;
				GCC_WARN_UNINITIALIZED_AUTOS = YES_AGGRESSIVE;
				GCC_WARN_UNUSED_FUNCTION = YES;
				GCC_WARN_UNUSED_VARIABLE = YES;
				IPHONEOS_DEPLOYMENT_TARGET = 16.4;
				MTL_ENABLE_DEBUG_INFO = INCLUDE_SOURCE;
				MTL_FAST_MATH = YES;
				ONLY_ACTIVE_ARCH = YES;
				SDKROOT = iphoneos;
				SWIFT_ACTIVE_COMPILATION_CONDITIONS = DEBUG;
				SWIFT_OPTIMIZATION_LEVEL = "-Onone";
			};
			name = Debug;
		};
		521A613B2A6EB3E700C80DC3 /* Release */ = {
			isa = XCBuildConfiguration;
			buildSettings = {
				ALWAYS_SEARCH_USER_PATHS = NO;
				CLANG_ANALYZER_NONNULL = YES;
				CLANG_ANALYZER_NUMBER_OBJECT_CONVERSION = YES_AGGRESSIVE;
				CLANG_CXX_LANGUAGE_STANDARD = "gnu++20";
				CLANG_ENABLE_MODULES = YES;
				CLANG_ENABLE_OBJC_ARC = YES;
				CLANG_ENABLE_OBJC_WEAK = YES;
				CLANG_WARN_BLOCK_CAPTURE_AUTORELEASING = YES;
				CLANG_WARN_BOOL_CONVERSION = YES;
				CLANG_WARN_COMMA = YES;
				CLANG_WARN_CONSTANT_CONVERSION = YES;
				CLANG_WARN_DEPRECATED_OBJC_IMPLEMENTATIONS = YES;
				CLANG_WARN_DIRECT_OBJC_ISA_USAGE = YES_ERROR;
				CLANG_WARN_DOCUMENTATION_COMMENTS = YES;
				CLANG_WARN_EMPTY_BODY = YES;
				CLANG_WARN_ENUM_CONVERSION = YES;
				CLANG_WARN_INFINITE_RECURSION = YES;
				CLANG_WARN_INT_CONVERSION = YES;
				CLANG_WARN_NON_LITERAL_NULL_CONVERSION = YES;
				CLANG_WARN_OBJC_IMPLICIT_RETAIN_SELF = YES;
				CLANG_WARN_OBJC_LITERAL_CONVERSION = YES;
				CLANG_WARN_OBJC_ROOT_CLASS = YES_ERROR;
				CLANG_WARN_QUOTED_INCLUDE_IN_FRAMEWORK_HEADER = YES;
				CLANG_WARN_RANGE_LOOP_ANALYSIS = YES;
				CLANG_WARN_STRICT_PROTOTYPES = YES;
				CLANG_WARN_SUSPICIOUS_MOVE = YES;
				CLANG_WARN_UNGUARDED_AVAILABILITY = YES_AGGRESSIVE;
				CLANG_WARN_UNREACHABLE_CODE = YES;
				CLANG_WARN__DUPLICATE_METHOD_MATCH = YES;
				COPY_PHASE_STRIP = NO;
				DEBUG_INFORMATION_FORMAT = "dwarf-with-dsym";
				ENABLE_NS_ASSERTIONS = NO;
				ENABLE_STRICT_OBJC_MSGSEND = YES;
				GCC_C_LANGUAGE_STANDARD = gnu11;
				GCC_NO_COMMON_BLOCKS = YES;
				GCC_WARN_64_TO_32_BIT_CONVERSION = YES;
				GCC_WARN_ABOUT_RETURN_TYPE = YES_ERROR;
				GCC_WARN_UNDECLARED_SELECTOR = YES;
				GCC_WARN_UNINITIALIZED_AUTOS = YES_AGGRESSIVE;
				GCC_WARN_UNUSED_FUNCTION = YES;
				GCC_WARN_UNUSED_VARIABLE = YES;
				IPHONEOS_DEPLOYMENT_TARGET = 16.4;
				MTL_ENABLE_DEBUG_INFO = NO;
				MTL_FAST_MATH = YES;
				SDKROOT = iphoneos;
				SWIFT_COMPILATION_MODE = wholemodule;
				SWIFT_OPTIMIZATION_LEVEL = "-O";
				VALIDATE_PRODUCT = YES;
			};
			name = Release;
		};
		521A613D2A6EB3E700C80DC3 /* Debug */ = {
			isa = XCBuildConfiguration;
			buildSettings = {
				ASSETCATALOG_COMPILER_APPICON_NAME = AppIcon;
				ASSETCATALOG_COMPILER_GLOBAL_ACCENT_COLOR_NAME = AccentColor;
				CODE_SIGN_STYLE = Automatic;
				CURRENT_PROJECT_VERSION = 1;
				DEVELOPMENT_ASSET_PATHS = "\"EdipleKing/Preview Content\"";
				DEVELOPMENT_TEAM = BUVM85N7NV;
				ENABLE_PREVIEWS = YES;
				GENERATE_INFOPLIST_FILE = YES;
				INFOPLIST_KEY_UIApplicationSceneManifest_Generation = YES;
				INFOPLIST_KEY_UIApplicationSupportsIndirectInputEvents = YES;
				INFOPLIST_KEY_UILaunchScreen_Generation = YES;
				INFOPLIST_KEY_UISupportedInterfaceOrientations_iPad = "UIInterfaceOrientationPortrait UIInterfaceOrientationPortraitUpsideDown UIInterfaceOrientationLandscapeLeft UIInterfaceOrientationLandscapeRight";
				INFOPLIST_KEY_UISupportedInterfaceOrientations_iPhone = "UIInterfaceOrientationPortrait UIInterfaceOrientationLandscapeLeft UIInterfaceOrientationLandscapeRight";
				LD_RUNPATH_SEARCH_PATHS = (
					"$(inherited)",
					"@executable_path/Frameworks",
				);
				MARKETING_VERSION = 1.0;
				PRODUCT_BUNDLE_IDENTIFIER = None.EdipleKing;
				PRODUCT_NAME = "$(TARGET_NAME)";
				SWIFT_EMIT_LOC_STRINGS = YES;
				SWIFT_VERSION = 5.0;
				TARGETED_DEVICE_FAMILY = "1,2";
			};
			name = Debug;
		};
		521A613E2A6EB3E700C80DC3 /* Release */ = {
			isa = XCBuildConfiguration;
			buildSettings = {
				ASSETCATALOG_COMPILER_APPICON_NAME = AppIcon;
				ASSETCATALOG_COMPILER_GLOBAL_ACCENT_COLOR_NAME = AccentColor;
				CODE_SIGN_STYLE = Automatic;
				CURRENT_PROJECT_VERSION = 1;
				DEVELOPMENT_ASSET_PATHS = "\"EdipleKing/Preview Content\"";
				DEVELOPMENT_TEAM = BUVM85N7NV;
				ENABLE_PREVIEWS = YES;
				GENERATE_INFOPLIST_FILE = YES;
				INFOPLIST_KEY_UIApplicationSceneManifest_Generation = YES;
				INFOPLIST_KEY_UIApplicationSupportsIndirectInputEvents = YES;
				INFOPLIST_KEY_UILaunchScreen_Generation = YES;
				INFOPLIST_KEY_UISupportedInterfaceOrientations_iPad = "UIInterfaceOrientationPortrait UIInterfaceOrientationPortraitUpsideDown UIInterfaceOrientationLandscapeLeft UIInterfaceOrientationLandscapeRight";
				INFOPLIST_KEY_UISupportedInterfaceOrientations_iPhone = "UIInterfaceOrientationPortrait UIInterfaceOrientationLandscapeLeft UIInterfaceOrientationLandscapeRight";
				LD_RUNPATH_SEARCH_PATHS = (
					"$(inherited)",
					"@executable_path/Frameworks",
				);
				MARKETING_VERSION = 1.0;
				PRODUCT_BUNDLE_IDENTIFIER = None.EdipleKing;
				PRODUCT_NAME = "$(TARGET_NAME)";
				SWIFT_EMIT_LOC_STRINGS = YES;
				SWIFT_VERSION = 5.0;
				TARGETED_DEVICE_FAMILY = "1,2";
			};
			name = Release;
		};
		521A61402A6EB3E700C80DC3 /* Debug */ = {
			isa = XCBuildConfiguration;
			buildSettings = {
				ALWAYS_EMBED_SWIFT_STANDARD_LIBRARIES = YES;
				BUNDLE_LOADER = "$(TEST_HOST)";
				CODE_SIGN_STYLE = Automatic;
				CURRENT_PROJECT_VERSION = 1;
				DEVELOPMENT_TEAM = BUVM85N7NV;
				GENERATE_INFOPLIST_FILE = YES;
				IPHONEOS_DEPLOYMENT_TARGET = 16.4;
				MARKETING_VERSION = 1.0;
				PRODUCT_BUNDLE_IDENTIFIER = None.EdipleKingTests;
				PRODUCT_NAME = "$(TARGET_NAME)";
				SWIFT_EMIT_LOC_STRINGS = NO;
				SWIFT_VERSION = 5.0;
				TARGETED_DEVICE_FAMILY = "1,2";
				TEST_HOST = "$(BUILT_PRODUCTS_DIR)/EdipleKing.app/$(BUNDLE_EXECUTABLE_FOLDER_PATH)/EdipleKing";
			};
			name = Debug;
		};
		521A61412A6EB3E700C80DC3 /* Release */ = {
			isa = XCBuildConfiguration;
			buildSettings = {
				ALWAYS_EMBED_SWIFT_STANDARD_LIBRARIES = YES;
				BUNDLE_LOADER = "$(TEST_HOST)";
				CODE_SIGN_STYLE = Automatic;
				CURRENT_PROJECT_VERSION = 1;
				DEVELOPMENT_TEAM = BUVM85N7NV;
				GENERATE_INFOPLIST_FILE = YES;
				IPHONEOS_DEPLOYMENT_TARGET = 16.4;
				MARKETING_VERSION = 1.0;
				PRODUCT_BUNDLE_IDENTIFIER = None.EdipleKingTests;
				PRODUCT_NAME = "$(TARGET_NAME)";
				SWIFT_EMIT_LOC_STRINGS = NO;
				SWIFT_VERSION = 5.0;
				TARGETED_DEVICE_FAMILY = "1,2";
				TEST_HOST = "$(BUILT_PRODUCTS_DIR)/EdipleKing.app/$(BUNDLE_EXECUTABLE_FOLDER_PATH)/EdipleKing";
			};
			name = Release;
		};
		521A61432A6EB3E700C80DC3 /* Debug */ = {
			isa = XCBuildConfiguration;
			buildSettings = {
				ALWAYS_EMBED_SWIFT_STANDARD_LIBRARIES = YES;
				CODE_SIGN_STYLE = Automatic;
				CURRENT_PROJECT_VERSION = 1;
				DEVELOPMENT_TEAM = BUVM85N7NV;
				GENERATE_INFOPLIST_FILE = YES;
				MARKETING_VERSION = 1.0;
				PRODUCT_BUNDLE_IDENTIFIER = None.EdipleKingUITests;
				PRODUCT_NAME = "$(TARGET_NAME)";
				SWIFT_EMIT_LOC_STRINGS = NO;
				SWIFT_VERSION = 5.0;
				TARGETED_DEVICE_FAMILY = "1,2";
				TEST_TARGET_NAME = EdipleKing;
			};
			name = Debug;
		};
		521A61442A6EB3E700C80DC3 /* Release */ = {
			isa = XCBuildConfiguration;
			buildSettings = {
				ALWAYS_EMBED_SWIFT_STANDARD_LIBRARIES = YES;
				CODE_SIGN_STYLE = Automatic;
				CURRENT_PROJECT_VERSION = 1;
				DEVELOPMENT_TEAM = BUVM85N7NV;
				GENERATE_INFOPLIST_FILE = YES;
				MARKETING_VERSION = 1.0;
				PRODUCT_BUNDLE_IDENTIFIER = None.EdipleKingUITests;
				PRODUCT_NAME = "$(TARGET_NAME)";
				SWIFT_EMIT_LOC_STRINGS = NO;
				SWIFT_VERSION = 5.0;
				TARGETED_DEVICE_FAMILY = "1,2";
				TEST_TARGET_NAME = EdipleKing;
			};
			name = Release;
		};
/* End XCBuildConfiguration section */

/* Begin XCConfigurationList section */
		521A61132A6EB3E600C80DC3 /* Build configuration list for PBXProject "EdipleKing" */ = {
			isa = XCConfigurationList;
			buildConfigurations = (
				521A613A2A6EB3E700C80DC3 /* Debug */,
				521A613B2A6EB3E700C80DC3 /* Release */,
			);
			defaultConfigurationIsVisible = 0;
			defaultConfigurationName = Release;
		};
		521A613C2A6EB3E700C80DC3 /* Build configuration list for PBXNativeTarget "EdipleKing" */ = {
			isa = XCConfigurationList;
			buildConfigurations = (
				521A613D2A6EB3E700C80DC3 /* Debug */,
				521A613E2A6EB3E700C80DC3 /* Release */,
			);
			defaultConfigurationIsVisible = 0;
			defaultConfigurationName = Release;
		};
		521A613F2A6EB3E700C80DC3 /* Build configuration list for PBXNativeTarget "EdipleKingTests" */ = {
			isa = XCConfigurationList;
			buildConfigurations = (
				521A61402A6EB3E700C80DC3 /* Debug */,
				521A61412A6EB3E700C80DC3 /* Release */,
			);
			defaultConfigurationIsVisible = 0;
			defaultConfigurationName = Release;
		};
		521A61422A6EB3E700C80DC3 /* Build configuration list for PBXNativeTarget "EdipleKingUITests" */ = {
			isa = XCConfigurationList;
			buildConfigurations = (
				521A61432A6EB3E700C80DC3 /* Debug */,
				521A61442A6EB3E700C80DC3 /* Release */,
			);
			defaultConfigurationIsVisible = 0;
			defaultConfigurationName = Release;
		};
/* End XCConfigurationList section */
	};
	rootObject = 521A61102A6EB3E600C80DC3 /* Project object */;
}
